
Microsoft Visual Studio Solution File, Format Version 12.00
# Visual Studio Version 17
VisualStudioVersion = 17.2.32505.173
MinimumVisualStudioVersion = 10.0.40219.1
Project("{9A19103F-16F7-4668-BE54-9A1E7A4F7556}") = "AppExampleAPI", "AppExampleAPI.csproj", "{D4928141-59A0-4E97-B8BE-B2C1F6DA6623}"
EndProject
Project("{FAE04EC0-301F-11D3-BF4B-00C04F79EFBC}") = "Infra", "..\Infra\Infra.csproj", "{4892450D-FAD0-49BE-AA0A-F6F29AA698C3}"
EndProject
Global
	GlobalSection(SolutionConfigurationPlatforms) = preSolution
		Debug|Any CPU = Debug|Any CPU
		Release|Any CPU = Release|Any CPU
	EndGlobalSection
	GlobalSection(ProjectConfigurationPlatforms) = postSolution
		{D4928141-59A0-4E97-B8BE-B2C1F6DA6623}.Debug|Any CPU.ActiveCfg = Debug|Any CPU
		{D4928141-59A0-4E97-B8BE-B2C1F6DA6623}.Debug|Any CPU.Build.0 = Debug|Any CPU
		{D4928141-59A0-4E97-B8BE-B2C1F6DA6623}.Release|Any CPU.ActiveCfg = Release|Any CPU
		{D4928141-59A0-4E97-B8BE-B2C1F6DA6623}.Release|Any CPU.Build.0 = Release|Any CPU
		{4892450D-FAD0-49BE-AA0A-F6F29AA698C3}.Debug|Any CPU.ActiveCfg = Debug|Any CPU
		{4892450D-FAD0-49BE-AA0A-F6F29AA698C3}.Debug|Any CPU.Build.0 = Debug|Any CPU
		{4892450D-FAD0-49BE-AA0A-F6F29AA698C3}.Release|Any CPU.ActiveCfg = Release|Any CPU
		{4892450D-FAD0-49BE-AA0A-F6F29AA698C3}.Release|Any CPU.Build.0 = Release|Any CPU
	EndGlobalSection
	GlobalSection(SolutionProperties) = preSolution
		HideSolutionNode = FALSE
	EndGlobalSection
	GlobalSection(ExtensibilityGlobals) = postSolution
		SolutionGuid = {3818C38E-A431-42F3-B8C3-101EBCD8D911}
	EndGlobalSection
EndGlobal
